
Microsoft Visual Studio Solution File, Format Version 12.00
# Visual Studio Version 17
VisualStudioVersion = 17.13.35806.99 d17.13
MinimumVisualStudioVersion = 10.0.40219.1
Project("{FAE04EC0-301F-11D3-BF4B-00C04F79EFBC}") = "RecycleShare", "RecycleShare\RecycleShare.csproj", "{8BF31B86-5DFD-4BBD-A26D-9A6A5C213402}"
EndProject
Global
	GlobalSection(SolutionConfigurationPlatforms) = preSolution
		Debug|Any CPU = Debug|Any CPU
		Release|Any CPU = Release|Any CPU
	EndGlobalSection
	GlobalSection(ProjectConfigurationPlatforms) = postSolution
		{8BF31B86-5DFD-4BBD-A26D-9A6A5C213402}.Debug|Any CPU.ActiveCfg = Debug|Any CPU
		{8BF31B86-5DFD-4BBD-A26D-9A6A5C213402}.Debug|Any CPU.Build.0 = Debug|Any CPU
		{8BF31B86-5DFD-4BBD-A26D-9A6A5C213402}.Release|Any CPU.ActiveCfg = Release|Any CPU
		{8BF31B86-5DFD-4BBD-A26D-9A6A5C213402}.Release|Any CPU.Build.0 = Release|Any CPU
	EndGlobalSection
	GlobalSection(SolutionProperties) = preSolution
		HideSolutionNode = FALSE
	EndGlobalSection
	GlobalSection(ExtensibilityGlobals) = postSolution
		SolutionGuid = {45F8D888-86BD-4FC2-88E5-10528BA0B657}
	EndGlobalSection
EndGlobal
